{
  "version": 4,
  "terraform_version": "1.9.0",
  "serial": 44,
  "lineage": "d9e4c9d0-30db-7618-85ff-4a0b240372d1",
  "outputs": {
    "Default_VPC_ID": {
      "value": "vpc-012320dbf1564c17a",
      "type": "string"
    },
    "Load_Balancer_DNS": {
      "value": "terraform-asg-example-prod-765122594.us-east-1.elb.amazonaws.com",
      "type": "string"
    },
    "aws_profile": {
      "value": "prod",
      "type": "string"
    },
    "s3_bucket_arn": {
      "value": "arn:aws:s3:::terraform-state-8520-prod",
      "type": "string"
    }
  },
  "resources": [
    {
      "mode": "data",
      "type": "aws_subnets",
      "name": "default",
      "provider": "provider[\"registry.terraform.io/hashicorp/aws\"]",
      "instances": [
        {
          "schema_version": 0,
          "attributes": {
            "filter": [
              {
                "name": "vpc-id",
                "values": [
                  "vpc-012320dbf1564c17a"
                ]
              }
            ],
            "id": "us-east-1",
            "ids": [
              "subnet-046bbb7f2c1eb7988",
              "subnet-0c3192151ba7a1225",
              "subnet-0bb46012e50cbec2c",
              "subnet-0fe8f714a40a410ec",
              "subnet-016038068626b5589",
              "subnet-0380ff9537d1a2268"
            ],
            "tags": null,
            "timeouts": null
          },
          "sensitive_attributes": []
        }
      ]
    },
    {
      "mode": "data",
      "type": "aws_vpc",
      "name": "main",
      "provider": "provider[\"registry.terraform.io/hashicorp/aws\"]",
      "instances": [
        {
          "schema_version": 0,
          "attributes": {
            "arn": "arn:aws:ec2:us-east-1:339712750152:vpc/vpc-012320dbf1564c17a",
            "cidr_block": "172.31.0.0/16",
            "cidr_block_associations": [
              {
                "association_id": "vpc-cidr-assoc-0fc5210372a7d7b62",
                "cidr_block": "172.31.0.0/16",
                "state": "associated"
              }
            ],
            "default": true,
            "dhcp_options_id": "dopt-06b3712fd5c751710",
            "enable_dns_hostnames": true,
            "enable_dns_support": true,
            "enable_network_address_usage_metrics": false,
            "filter": null,
            "id": "vpc-012320dbf1564c17a",
            "instance_tenancy": "default",
            "ipv6_association_id": "",
            "ipv6_cidr_block": "",
            "main_route_table_id": "rtb-0af7b2a917d8d3c4d",
            "owner_id": "339712750152",
            "state": null,
            "tags": {},
            "timeouts": null
          },
          "sensitive_attributes": []
        }
      ]
    },
    {
      "mode": "managed",
      "type": "aws_autoscaling_group",
      "name": "example",
      "provider": "provider[\"registry.terraform.io/hashicorp/aws\"]",
      "instances": [
        {
          "schema_version": 1,
          "attributes": {
            "arn": "arn:aws:autoscaling:us-east-1:339712750152:autoScalingGroup:13588d6a-706c-40b6-b6df-802add349b21:autoScalingGroupName/terraform-20240710105734407700000004",
            "availability_zones": [
              "us-east-1a",
              "us-east-1b",
              "us-east-1c",
              "us-east-1d",
              "us-east-1e",
              "us-east-1f"
            ],
            "capacity_rebalance": false,
            "context": "",
            "default_cooldown": 300,
            "default_instance_warmup": 0,
            "desired_capacity": 2,
            "desired_capacity_type": "",
            "enabled_metrics": [],
            "force_delete": false,
            "force_delete_warm_pool": false,
            "health_check_grace_period": 300,
            "health_check_type": "ELB",
            "id": "terraform-20240710105734407700000004",
            "ignore_failed_scaling_activities": false,
            "initial_lifecycle_hook": [],
            "instance_maintenance_policy": [],
            "instance_refresh": [],
            "launch_configuration": "terraform-20240710105733228000000001",
            "launch_template": [],
            "load_balancers": [],
            "max_instance_lifetime": 0,
            "max_size": 4,
            "metrics_granularity": "1Minute",
            "min_elb_capacity": null,
            "min_size": 2,
            "mixed_instances_policy": [],
            "name": "terraform-20240710105734407700000004",
            "name_prefix": "terraform-",
            "placement_group": "",
            "predicted_capacity": 0,
            "protect_from_scale_in": false,
            "service_linked_role_arn": "arn:aws:iam::339712750152:role/aws-service-role/autoscaling.amazonaws.com/AWSServiceRoleForAutoScaling",
            "suspended_processes": [],
            "tag": [
              {
                "key": "Name",
                "propagate_at_launch": true,
                "value": "terraform-asg-example-prod"
              }
            ],
            "target_group_arns": [
              "arn:aws:elasticloadbalancing:us-east-1:339712750152:targetgroup/terraform-asg-example-prod/95eb73e14ca532ea"
            ],
            "termination_policies": [],
            "timeouts": null,
            "traffic_source": [
              {
                "identifier": "arn:aws:elasticloadbalancing:us-east-1:339712750152:targetgroup/terraform-asg-example-prod/95eb73e14ca532ea",
                "type": "elbv2"
              }
            ],
            "vpc_zone_identifier": [
              "subnet-016038068626b5589",
              "subnet-0380ff9537d1a2268",
              "subnet-046bbb7f2c1eb7988",
              "subnet-0bb46012e50cbec2c",
              "subnet-0c3192151ba7a1225",
              "subnet-0fe8f714a40a410ec"
            ],
            "wait_for_capacity_timeout": "10m",
            "wait_for_elb_capacity": null,
            "warm_pool": [],
            "warm_pool_size": 0
          },
          "sensitive_attributes": [],
          "private": "eyJlMmJmYjczMC1lY2FhLTExZTYtOGY4OC0zNDM2M2JjN2M0YzAiOnsiZGVsZXRlIjo2MDAwMDAwMDAwMDAsInVwZGF0ZSI6NjAwMDAwMDAwMDAwfSwic2NoZW1hX3ZlcnNpb24iOiIxIn0=",
          "dependencies": [
            "aws_launch_configuration.example",
            "aws_lb_target_group.asg",
            "aws_security_group.alb",
            "data.aws_subnets.default",
            "data.aws_vpc.main"
          ]
        }
      ]
    },
    {
      "mode": "managed",
      "type": "aws_dynamodb_table",
      "name": "terraform_locks",
      "provider": "provider[\"registry.terraform.io/hashicorp/aws\"]",
      "instances": [
        {
          "schema_version": 1,
          "attributes": {
            "arn": "arn:aws:dynamodb:us-east-1:339712750152:table/terraform-state-locks-prod",
            "attribute": [
              {
                "name": "LockID",
                "type": "S"
              }
            ],
            "billing_mode": "PAY_PER_REQUEST",
            "deletion_protection_enabled": false,
            "global_secondary_index": [],
            "hash_key": "LockID",
            "id": "terraform-state-locks-prod",
            "import_table": [],
            "local_secondary_index": [],
            "name": "terraform-state-locks-prod",
            "point_in_time_recovery": [
              {
                "enabled": false
              }
            ],
            "range_key": null,
            "read_capacity": 0,
            "replica": [],
            "restore_date_time": null,
            "restore_source_name": null,
            "restore_to_latest_time": null,
            "server_side_encryption": [],
            "stream_arn": "",
            "stream_enabled": false,
            "stream_label": "",
            "stream_view_type": "",
            "table_class": "STANDARD",
            "tags": null,
            "tags_all": {},
            "timeouts": null,
            "ttl": [
              {
                "attribute_name": "",
                "enabled": false
              }
            ],
            "write_capacity": 0
          },
          "sensitive_attributes": [],
          "private": "eyJlMmJmYjczMC1lY2FhLTExZTYtOGY4OC0zNDM2M2JjN2M0YzAiOnsiY3JlYXRlIjoxODAwMDAwMDAwMDAwLCJkZWxldGUiOjYwMDAwMDAwMDAwMCwidXBkYXRlIjozNjAwMDAwMDAwMDAwfSwic2NoZW1hX3ZlcnNpb24iOiIxIn0="
        }
      ]
    },
    {
      "mode": "managed",
      "type": "aws_eip",
      "name": "ElasticIP",
      "provider": "provider[\"registry.terraform.io/hashicorp/aws\"]",
      "instances": [
        {
          "schema_version": 0,
          "attributes": {
            "address": null,
            "allocation_id": "eipalloc-05617f0e3de5a696c",
            "arn": "arn:aws:ec2:us-east-1:339712750152:elastic-ip/eipalloc-05617f0e3de5a696c",
            "associate_with_private_ip": null,
            "association_id": "eipassoc-0244502763b8dfea9",
            "carrier_ip": "",
            "customer_owned_ip": "",
            "customer_owned_ipv4_pool": "",
            "domain": "vpc",
            "id": "eipalloc-05617f0e3de5a696c",
            "instance": "i-0419463a5b6370aa2",
            "network_border_group": "us-east-1",
            "network_interface": "eni-0775893d22b085919",
            "private_dns": "ip-172-31-21-65.ec2.internal",
            "private_ip": "172.31.21.65",
            "ptr_record": "",
            "public_dns": "ec2-52-207-51-98.compute-1.amazonaws.com",
            "public_ip": "52.207.51.98",
            "public_ipv4_pool": "amazon",
            "tags": {},
            "tags_all": {},
            "timeouts": null,
            "vpc": true
          },
          "sensitive_attributes": [],
          "private": "eyJlMmJmYjczMC1lY2FhLTExZTYtOGY4OC0zNDM2M2JjN2M0YzAiOnsiZGVsZXRlIjoxODAwMDAwMDAwMDAsInJlYWQiOjkwMDAwMDAwMDAwMCwidXBkYXRlIjozMDAwMDAwMDAwMDB9fQ==",
          "dependencies": [
            "aws_instance.web",
            "aws_key_pair.main_key",
            "aws_security_group.alb",
            "tls_private_key.rsa"
          ]
        }
      ]
    },
    {
      "mode": "managed",
      "type": "aws_instance",
      "name": "web",
      "provider": "provider[\"registry.terraform.io/hashicorp/aws\"]",
      "instances": [
        {
          "schema_version": 1,
          "attributes": {
            "ami": "ami-06c68f701d8090592",
            "arn": "arn:aws:ec2:us-east-1:339712750152:instance/i-0419463a5b6370aa2",
            "associate_public_ip_address": true,
            "availability_zone": "us-east-1a",
            "capacity_reservation_specification": [
              {
                "capacity_reservation_preference": "open",
                "capacity_reservation_target": []
              }
            ],
            "cpu_core_count": 1,
            "cpu_options": [
              {
                "amd_sev_snp": "",
                "core_count": 1,
                "threads_per_core": 1
              }
            ],
            "cpu_threads_per_core": 1,
            "credit_specification": [
              {
                "cpu_credits": "standard"
              }
            ],
            "disable_api_stop": false,
            "disable_api_termination": false,
            "ebs_block_device": [],
            "ebs_optimized": false,
            "enclave_options": [
              {
                "enabled": false
              }
            ],
            "ephemeral_block_device": [],
            "get_password_data": false,
            "hibernation": false,
            "host_id": "",
            "host_resource_group_arn": null,
            "iam_instance_profile": "",
            "id": "i-0419463a5b6370aa2",
            "instance_initiated_shutdown_behavior": "stop",
            "instance_lifecycle": "",
            "instance_market_options": [],
            "instance_state": "running",
            "instance_type": "t2.micro",
            "ipv6_address_count": 0,
            "ipv6_addresses": [],
            "key_name": "keykey",
            "launch_template": [],
            "maintenance_options": [
              {
                "auto_recovery": "default"
              }
            ],
            "metadata_options": [
              {
                "http_endpoint": "enabled",
                "http_protocol_ipv6": "disabled",
                "http_put_response_hop_limit": 2,
                "http_tokens": "required",
                "instance_metadata_tags": "disabled"
              }
            ],
            "monitoring": false,
            "network_interface": [],
            "outpost_arn": "",
            "password_data": "",
            "placement_group": "",
            "placement_partition_number": 0,
            "primary_network_interface_id": "eni-0775893d22b085919",
            "private_dns": "ip-172-31-21-65.ec2.internal",
            "private_dns_name_options": [
              {
                "enable_resource_name_dns_a_record": false,
                "enable_resource_name_dns_aaaa_record": false,
                "hostname_type": "ip-name"
              }
            ],
            "private_ip": "172.31.21.65",
            "public_dns": "ec2-52-207-51-98.compute-1.amazonaws.com",
            "public_ip": "52.207.51.98",
            "root_block_device": [
              {
                "delete_on_termination": true,
                "device_name": "/dev/xvda",
                "encrypted": false,
                "iops": 3000,
                "kms_key_id": "",
                "tags": {},
                "tags_all": {},
                "throughput": 125,
                "volume_id": "vol-05f1e7a08080cd78b",
                "volume_size": 8,
                "volume_type": "gp3"
              }
            ],
            "secondary_private_ips": [],
            "security_groups": [
              "terraform-example-alb-prod"
            ],
            "source_dest_check": true,
            "spot_instance_request_id": "",
            "subnet_id": "subnet-0fe8f714a40a410ec",
            "tags": {
              "Name": "main-instance-prod"
            },
            "tags_all": {
              "Name": "main-instance-prod"
            },
            "tenancy": "default",
            "timeouts": null,
            "user_data": null,
            "user_data_base64": null,
            "user_data_replace_on_change": false,
            "volume_tags": null,
            "vpc_security_group_ids": [
              "sg-014f5774041b49e6f"
            ]
          },
          "sensitive_attributes": [],
          "private": "eyJlMmJmYjczMC1lY2FhLTExZTYtOGY4OC0zNDM2M2JjN2M0YzAiOnsiY3JlYXRlIjo2MDAwMDAwMDAwMDAsImRlbGV0ZSI6MTIwMDAwMDAwMDAwMCwicmVhZCI6OTAwMDAwMDAwMDAwLCJ1cGRhdGUiOjYwMDAwMDAwMDAwMH0sInNjaGVtYV92ZXJzaW9uIjoiMSJ9",
          "dependencies": [
            "aws_key_pair.main_key",
            "aws_security_group.alb",
            "tls_private_key.rsa"
          ]
        }
      ]
    },
    {
      "mode": "managed",
      "type": "aws_instance",
      "name": "web12",
      "provider": "provider[\"registry.terraform.io/hashicorp/aws\"]",
      "instances": [
        {
          "schema_version": 1,
          "attributes": {
            "ami": "ami-06c68f701d8090592",
            "arn": "arn:aws:ec2:us-east-1:339712750152:instance/i-0475479af9bcbf369",
            "associate_public_ip_address": true,
            "availability_zone": "us-east-1a",
            "capacity_reservation_specification": [
              {
                "capacity_reservation_preference": "open",
                "capacity_reservation_target": []
              }
            ],
            "cpu_core_count": 1,
            "cpu_options": [
              {
                "amd_sev_snp": "",
                "core_count": 1,
                "threads_per_core": 1
              }
            ],
            "cpu_threads_per_core": 1,
            "credit_specification": [
              {
                "cpu_credits": "standard"
              }
            ],
            "disable_api_stop": false,
            "disable_api_termination": false,
            "ebs_block_device": [],
            "ebs_optimized": false,
            "enclave_options": [
              {
                "enabled": false
              }
            ],
            "ephemeral_block_device": [],
            "get_password_data": false,
            "hibernation": false,
            "host_id": "",
            "host_resource_group_arn": null,
            "iam_instance_profile": "",
            "id": "i-0475479af9bcbf369",
            "instance_initiated_shutdown_behavior": "stop",
            "instance_lifecycle": "",
            "instance_market_options": [],
            "instance_state": "running",
            "instance_type": "t2.micro",
            "ipv6_address_count": 0,
            "ipv6_addresses": [],
            "key_name": "keykey",
            "launch_template": [],
            "maintenance_options": [
              {
                "auto_recovery": "default"
              }
            ],
            "metadata_options": [
              {
                "http_endpoint": "enabled",
                "http_protocol_ipv6": "disabled",
                "http_put_response_hop_limit": 2,
                "http_tokens": "required",
                "instance_metadata_tags": "disabled"
              }
            ],
            "monitoring": false,
            "network_interface": [],
            "outpost_arn": "",
            "password_data": "",
            "placement_group": "",
            "placement_partition_number": 0,
            "primary_network_interface_id": "eni-0b4d7e61ba715ac17",
            "private_dns": "ip-172-31-16-28.ec2.internal",
            "private_dns_name_options": [
              {
                "enable_resource_name_dns_a_record": false,
                "enable_resource_name_dns_aaaa_record": false,
                "hostname_type": "ip-name"
              }
            ],
            "private_ip": "172.31.16.28",
            "public_dns": "ec2-3-95-172-223.compute-1.amazonaws.com",
            "public_ip": "3.95.172.223",
            "root_block_device": [
              {
                "delete_on_termination": true,
                "device_name": "/dev/xvda",
                "encrypted": false,
                "iops": 3000,
                "kms_key_id": "",
                "tags": {},
                "tags_all": {},
                "throughput": 125,
                "volume_id": "vol-087d710b745a452fe",
                "volume_size": 8,
                "volume_type": "gp3"
              }
            ],
            "secondary_private_ips": [],
            "security_groups": [
              "terraform-example-alb-prod"
            ],
            "source_dest_check": true,
            "spot_instance_request_id": "",
            "subnet_id": "subnet-0fe8f714a40a410ec",
            "tags": {
              "Name": "main-instance-22-prod"
            },
            "tags_all": {
              "Name": "main-instance-22-prod"
            },
            "tenancy": "default",
            "timeouts": null,
            "user_data": null,
            "user_data_base64": null,
            "user_data_replace_on_change": false,
            "volume_tags": null,
            "vpc_security_group_ids": [
              "sg-014f5774041b49e6f"
            ]
          },
          "sensitive_attributes": [],
          "private": "eyJlMmJmYjczMC1lY2FhLTExZTYtOGY4OC0zNDM2M2JjN2M0YzAiOnsiY3JlYXRlIjo2MDAwMDAwMDAwMDAsImRlbGV0ZSI6MTIwMDAwMDAwMDAwMCwicmVhZCI6OTAwMDAwMDAwMDAwLCJ1cGRhdGUiOjYwMDAwMDAwMDAwMH0sInNjaGVtYV92ZXJzaW9uIjoiMSJ9",
          "dependencies": [
            "aws_key_pair.main_key",
            "aws_security_group.alb",
            "tls_private_key.rsa"
          ]
        }
      ]
    },
    {
      "mode": "managed",
      "type": "aws_key_pair",
      "name": "main_key",
      "provider": "provider[\"registry.terraform.io/hashicorp/aws\"]",
      "instances": [
        {
          "schema_version": 1,
          "attributes": {
            "arn": "arn:aws:ec2:us-east-1:339712750152:key-pair/keykey",
            "fingerprint": "5f:63:87:89:14:57:b9:e0:50:15:aa:16:d6:53:75:1a",
            "id": "keykey",
            "key_name": "keykey",
            "key_name_prefix": "",
            "key_pair_id": "key-0fc474839bb959917",
            "key_type": "rsa",
            "public_key": "ssh-rsa AAAAB3NzaC1yc2EAAAADAQABAAACAQDLgJvY0PYLGtawMXvstGKSVgaiWqSqmc17vjSZZZfbAkiFpAAzJxMpjD5GnZjLv8CaOkjDYJmppN7gN+JuRuYqb0Nh/3cDUWur+KPOuA8MVhNBRzWpE/7sifO0Yq8J3WCeg0IlkniVdPNYF8KQ2if4NSc/BRtW3ieuaYmhxBgFP02l8B7WbCyj6N4tX5zDF2Un+9TUjJAypcnvRncuVVTo9B9FKqv8DcnknMXqr+ZfSudI3CXuRHg1PW7tMoN03FolAhR209vFtPHqfQcduMA+1mHTAg7aSIW63jxN2ETVbb1MZ3RG3QO4XyOM5gM8fMr+R7Z41IiZIiVX1zZ/FraWKfK9MGzlEBpCGKJ00zxF+rZHZcfMB0xsTO2GrovUP5WGodfmBhWnDDThmSnwAQnQXTDV4V/Q3aYcsFfIH9woK4iFXd2xL6AAJsFUOWXy5eKhETg1jumnBsXnmSgUzWUHgfWdhjGmvVGUDf6uSeW1i6ewvLSekzTEFCdSGreTZ2FVJb4KOAjl6gRU5eKTZjiHlRTzcfqQfJS0WI81elIITxKeRNkmFdfXwXLlUG3cTXjAEauMhN7JZx3NeA8J4NscjtMkWabiDNJP6Xz+fInF59JpjxsucE5p60KwoWHZGWyQ0GOshhx8AjhNkPt0XJyU8Nz9hePZOmaiJmvz89bepw==",
            "tags": {},
            "tags_all": {}
          },
          "sensitive_attributes": [],
          "private": "eyJzY2hlbWFfdmVyc2lvbiI6IjEifQ==",
          "dependencies": [
            "tls_private_key.rsa"
          ]
        }
      ]
    },
    {
      "mode": "managed",
      "type": "aws_launch_configuration",
      "name": "example",
      "provider": "provider[\"registry.terraform.io/hashicorp/aws\"]",
      "instances": [
        {
          "schema_version": 0,
          "attributes": {
            "arn": "arn:aws:autoscaling:us-east-1:339712750152:launchConfiguration:490b532c-a98d-4a27-aeed-6855318d81c6:launchConfigurationName/terraform-20240710105733228000000001",
            "associate_public_ip_address": false,
            "ebs_block_device": [],
            "ebs_optimized": false,
            "enable_monitoring": true,
            "ephemeral_block_device": [],
            "iam_instance_profile": "",
            "id": "terraform-20240710105733228000000001",
            "image_id": "ami-06c68f701d8090592",
            "instance_type": "t2.micro",
            "key_name": "",
            "metadata_options": [],
            "name": "terraform-20240710105733228000000001",
            "name_prefix": "terraform-",
            "placement_tenancy": "",
            "root_block_device": [],
            "security_groups": [
              "sg-014f5774041b49e6f"
            ],
            "spot_price": "",
            "user_data": "53d7a51afbea163da8597ab27f192cb107e7016c",
            "user_data_base64": null
          },
          "sensitive_attributes": [],
          "private": "bnVsbA==",
          "dependencies": [
            "aws_security_group.alb"
          ],
          "create_before_destroy": true
        }
      ]
    },
    {
      "mode": "managed",
      "type": "aws_lb",
      "name": "example",
      "provider": "provider[\"registry.terraform.io/hashicorp/aws\"]",
      "instances": [
        {
          "schema_version": 0,
          "attributes": {
            "access_logs": [
              {
                "bucket": "",
                "enabled": false,
                "prefix": ""
              }
            ],
            "arn": "arn:aws:elasticloadbalancing:us-east-1:339712750152:loadbalancer/app/terraform-asg-example-prod/d54c0bdf45eb499c",
            "arn_suffix": "app/terraform-asg-example-prod/d54c0bdf45eb499c",
            "client_keep_alive": 3600,
            "connection_logs": [
              {
                "bucket": "",
                "enabled": false,
                "prefix": ""
              }
            ],
            "customer_owned_ipv4_pool": "",
            "desync_mitigation_mode": "defensive",
            "dns_name": "terraform-asg-example-prod-765122594.us-east-1.elb.amazonaws.com",
            "dns_record_client_routing_policy": null,
            "drop_invalid_header_fields": false,
            "enable_cross_zone_load_balancing": true,
            "enable_deletion_protection": false,
            "enable_http2": true,
            "enable_tls_version_and_cipher_suite_headers": false,
            "enable_waf_fail_open": false,
            "enable_xff_client_port": false,
            "enforce_security_group_inbound_rules_on_private_link_traffic": "",
            "id": "arn:aws:elasticloadbalancing:us-east-1:339712750152:loadbalancer/app/terraform-asg-example-prod/d54c0bdf45eb499c",
            "idle_timeout": 60,
            "internal": false,
            "ip_address_type": "ipv4",
            "load_balancer_type": "application",
            "name": "terraform-asg-example-prod",
            "name_prefix": "",
            "preserve_host_header": false,
            "security_groups": [
              "sg-014f5774041b49e6f"
            ],
            "subnet_mapping": [
              {
                "allocation_id": "",
                "ipv6_address": "",
                "outpost_id": "",
                "private_ipv4_address": "",
                "subnet_id": "subnet-016038068626b5589"
              },
              {
                "allocation_id": "",
                "ipv6_address": "",
                "outpost_id": "",
                "private_ipv4_address": "",
                "subnet_id": "subnet-0380ff9537d1a2268"
              },
              {
                "allocation_id": "",
                "ipv6_address": "",
                "outpost_id": "",
                "private_ipv4_address": "",
                "subnet_id": "subnet-046bbb7f2c1eb7988"
              },
              {
                "allocation_id": "",
                "ipv6_address": "",
                "outpost_id": "",
                "private_ipv4_address": "",
                "subnet_id": "subnet-0bb46012e50cbec2c"
              },
              {
                "allocation_id": "",
                "ipv6_address": "",
                "outpost_id": "",
                "private_ipv4_address": "",
                "subnet_id": "subnet-0c3192151ba7a1225"
              },
              {
                "allocation_id": "",
                "ipv6_address": "",
                "outpost_id": "",
                "private_ipv4_address": "",
                "subnet_id": "subnet-0fe8f714a40a410ec"
              }
            ],
            "subnets": [
              "subnet-016038068626b5589",
              "subnet-0380ff9537d1a2268",
              "subnet-046bbb7f2c1eb7988",
              "subnet-0bb46012e50cbec2c",
              "subnet-0c3192151ba7a1225",
              "subnet-0fe8f714a40a410ec"
            ],
            "tags": {},
            "tags_all": {},
            "timeouts": null,
            "vpc_id": "vpc-012320dbf1564c17a",
            "xff_header_processing_mode": "append",
            "zone_id": "Z35SXDOTRQ7X7K"
          },
          "sensitive_attributes": [],
          "private": "eyJlMmJmYjczMC1lY2FhLTExZTYtOGY4OC0zNDM2M2JjN2M0YzAiOnsiY3JlYXRlIjo2MDAwMDAwMDAwMDAsImRlbGV0ZSI6NjAwMDAwMDAwMDAwLCJ1cGRhdGUiOjYwMDAwMDAwMDAwMH19",
          "dependencies": [
            "aws_security_group.alb",
            "data.aws_subnets.default",
            "data.aws_vpc.main"
          ]
        }
      ]
    },
    {
      "mode": "managed",
      "type": "aws_lb_listener",
      "name": "http",
      "provider": "provider[\"registry.terraform.io/hashicorp/aws\"]",
      "instances": [
        {
          "schema_version": 0,
          "attributes": {
            "alpn_policy": null,
            "arn": "arn:aws:elasticloadbalancing:us-east-1:339712750152:listener/app/terraform-asg-example-prod/d54c0bdf45eb499c/9333bbdbb3184a70",
            "certificate_arn": null,
            "default_action": [
              {
                "authenticate_cognito": [],
                "authenticate_oidc": [],
                "fixed_response": [],
                "forward": [],
                "order": 1,
                "redirect": [],
                "target_group_arn": "arn:aws:elasticloadbalancing:us-east-1:339712750152:targetgroup/terraform-asg-example-prod/95eb73e14ca532ea",
                "type": "forward"
              }
            ],
            "id": "arn:aws:elasticloadbalancing:us-east-1:339712750152:listener/app/terraform-asg-example-prod/d54c0bdf45eb499c/9333bbdbb3184a70",
            "load_balancer_arn": "arn:aws:elasticloadbalancing:us-east-1:339712750152:loadbalancer/app/terraform-asg-example-prod/d54c0bdf45eb499c",
            "mutual_authentication": [],
            "port": 80,
            "protocol": "HTTP",
            "ssl_policy": "",
            "tags": {},
            "tags_all": {},
            "timeouts": null
          },
          "sensitive_attributes": [],
          "private": "eyJlMmJmYjczMC1lY2FhLTExZTYtOGY4OC0zNDM2M2JjN2M0YzAiOnsiY3JlYXRlIjozMDAwMDAwMDAwMDAsInVwZGF0ZSI6MzAwMDAwMDAwMDAwfX0=",
          "dependencies": [
            "aws_lb.example",
            "aws_lb_target_group.asg",
            "aws_security_group.alb",
            "data.aws_subnets.default",
            "data.aws_vpc.main"
          ]
        }
      ]
    },
    {
      "mode": "managed",
      "type": "aws_lb_target_group",
      "name": "asg",
      "provider": "provider[\"registry.terraform.io/hashicorp/aws\"]",
      "instances": [
        {
          "schema_version": 0,
          "attributes": {
            "arn": "arn:aws:elasticloadbalancing:us-east-1:339712750152:targetgroup/terraform-asg-example-prod/95eb73e14ca532ea",
            "arn_suffix": "targetgroup/terraform-asg-example-prod/95eb73e14ca532ea",
            "connection_termination": null,
            "deregistration_delay": "300",
            "health_check": [
              {
                "enabled": true,
                "healthy_threshold": 2,
                "interval": 15,
                "matcher": "200",
                "path": "/",
                "port": "traffic-port",
                "protocol": "HTTP",
                "timeout": 3,
                "unhealthy_threshold": 2
              }
            ],
            "id": "arn:aws:elasticloadbalancing:us-east-1:339712750152:targetgroup/terraform-asg-example-prod/95eb73e14ca532ea",
            "ip_address_type": "ipv4",
            "lambda_multi_value_headers_enabled": false,
            "load_balancer_arns": [
              "arn:aws:elasticloadbalancing:us-east-1:339712750152:loadbalancer/app/terraform-asg-example-prod/d54c0bdf45eb499c"
            ],
            "load_balancing_algorithm_type": "round_robin",
            "load_balancing_anomaly_mitigation": "off",
            "load_balancing_cross_zone_enabled": "use_load_balancer_configuration",
            "name": "terraform-asg-example-prod",
            "name_prefix": "",
            "port": 80,
            "preserve_client_ip": null,
            "protocol": "HTTP",
            "protocol_version": "HTTP1",
            "proxy_protocol_v2": false,
            "slow_start": 0,
            "stickiness": [
              {
                "cookie_duration": 86400,
                "cookie_name": "",
                "enabled": false,
                "type": "lb_cookie"
              }
            ],
            "tags": {},
            "tags_all": {},
            "target_failover": [
              {
                "on_deregistration": null,
                "on_unhealthy": null
              }
            ],
            "target_health_state": [
              {
                "enable_unhealthy_connection_termination": null
              }
            ],
            "target_type": "instance",
            "vpc_id": "vpc-012320dbf1564c17a"
          },
          "sensitive_attributes": [],
          "private": "bnVsbA==",
          "dependencies": [
            "data.aws_vpc.main"
          ]
        }
      ]
    },
    {
      "mode": "managed",
      "type": "aws_s3_bucket",
      "name": "terraform_state",
      "provider": "provider[\"registry.terraform.io/hashicorp/aws\"]",
      "instances": [
        {
          "schema_version": 0,
          "attributes": {
            "acceleration_status": "",
            "acl": null,
            "arn": "arn:aws:s3:::terraform-state-8520-prod",
            "bucket": "terraform-state-8520-prod",
            "bucket_domain_name": "terraform-state-8520-prod.s3.amazonaws.com",
            "bucket_prefix": "",
            "bucket_regional_domain_name": "terraform-state-8520-prod.s3.us-east-1.amazonaws.com",
            "cors_rule": [],
            "force_destroy": false,
            "grant": [
              {
                "id": "20b3ddc092fbc41628464377608ec59453dd445d6c7e1c5acb796cd963ca3f5c",
                "permissions": [
                  "FULL_CONTROL"
                ],
                "type": "CanonicalUser",
                "uri": ""
              }
            ],
            "hosted_zone_id": "Z3AQBSTGFYJSTF",
            "id": "terraform-state-8520-prod",
            "lifecycle_rule": [],
            "logging": [],
            "object_lock_configuration": [],
            "object_lock_enabled": false,
            "policy": "",
            "region": "us-east-1",
            "replication_configuration": [],
            "request_payer": "BucketOwner",
            "server_side_encryption_configuration": [
              {
                "rule": [
                  {
                    "apply_server_side_encryption_by_default": [
                      {
                        "kms_master_key_id": "",
                        "sse_algorithm": "AES256"
                      }
                    ],
                    "bucket_key_enabled": false
                  }
                ]
              }
            ],
            "tags": null,
            "tags_all": {},
            "timeouts": null,
            "versioning": [
              {
                "enabled": false,
                "mfa_delete": false
              }
            ],
            "website": [],
            "website_domain": null,
            "website_endpoint": null
          },
          "sensitive_attributes": [],
          "private": "eyJlMmJmYjczMC1lY2FhLTExZTYtOGY4OC0zNDM2M2JjN2M0YzAiOnsiY3JlYXRlIjoxMjAwMDAwMDAwMDAwLCJkZWxldGUiOjM2MDAwMDAwMDAwMDAsInJlYWQiOjEyMDAwMDAwMDAwMDAsInVwZGF0ZSI6MTIwMDAwMDAwMDAwMH19"
        }
      ]
    },
    {
      "mode": "managed",
      "type": "aws_s3_bucket_public_access_block",
      "name": "public_access_block",
      "provider": "provider[\"registry.terraform.io/hashicorp/aws\"]",
      "instances": [
        {
          "schema_version": 0,
          "attributes": {
            "block_public_acls": true,
            "block_public_policy": true,
            "bucket": "terraform-state-8520-prod",
            "id": "terraform-state-8520-prod",
            "ignore_public_acls": true,
            "restrict_public_buckets": true
          },
          "sensitive_attributes": [],
          "private": "bnVsbA==",
          "dependencies": [
            "aws_s3_bucket.terraform_state"
          ]
        }
      ]
    },
    {
      "mode": "managed",
      "type": "aws_s3_bucket_server_side_encryption_configuration",
      "name": "default",
      "provider": "provider[\"registry.terraform.io/hashicorp/aws\"]",
      "instances": [
        {
          "schema_version": 0,
          "attributes": {
            "bucket": "terraform-state-8520-prod",
            "expected_bucket_owner": "",
            "id": "terraform-state-8520-prod",
            "rule": [
              {
                "apply_server_side_encryption_by_default": [
                  {
                    "kms_master_key_id": "",
                    "sse_algorithm": "AES256"
                  }
                ],
                "bucket_key_enabled": null
              }
            ]
          },
          "sensitive_attributes": [],
          "private": "bnVsbA==",
          "dependencies": [
            "aws_s3_bucket.terraform_state"
          ]
        }
      ]
    },
    {
      "mode": "managed",
      "type": "aws_s3_bucket_versioning",
      "name": "enabled",
      "provider": "provider[\"registry.terraform.io/hashicorp/aws\"]",
      "instances": [
        {
          "schema_version": 0,
          "attributes": {
            "bucket": "terraform-state-8520-prod",
            "expected_bucket_owner": "",
            "id": "terraform-state-8520-prod",
            "mfa": null,
            "versioning_configuration": [
              {
                "mfa_delete": "",
                "status": "Enabled"
              }
            ]
          },
          "sensitive_attributes": [],
          "private": "bnVsbA==",
          "dependencies": [
            "aws_s3_bucket.terraform_state"
          ]
        }
      ]
    },
    {
      "mode": "managed",
      "type": "aws_security_group",
      "name": "alb",
      "provider": "provider[\"registry.terraform.io/hashicorp/aws\"]",
      "instances": [
        {
          "schema_version": 1,
          "attributes": {
            "arn": "arn:aws:ec2:us-east-1:339712750152:security-group/sg-014f5774041b49e6f",
            "description": "Managed by Terraform",
            "egress": [
              {
                "cidr_blocks": [
                  "0.0.0.0/0"
                ],
                "description": "",
                "from_port": 0,
                "ipv6_cidr_blocks": [],
                "prefix_list_ids": [],
                "protocol": "-1",
                "security_groups": [],
                "self": false,
                "to_port": 0
              }
            ],
            "id": "sg-014f5774041b49e6f",
            "ingress": [
              {
                "cidr_blocks": [
                  "0.0.0.0/0"
                ],
                "description": "",
                "from_port": 0,
                "ipv6_cidr_blocks": [],
                "prefix_list_ids": [],
                "protocol": "-1",
                "security_groups": [],
                "self": false,
                "to_port": 0
              }
            ],
            "name": "terraform-example-alb-prod",
            "name_prefix": "",
            "owner_id": "339712750152",
            "revoke_rules_on_delete": false,
            "tags": {},
            "tags_all": {},
            "timeouts": null,
            "vpc_id": "vpc-012320dbf1564c17a"
          },
          "sensitive_attributes": [],
          "private": "eyJlMmJmYjczMC1lY2FhLTExZTYtOGY4OC0zNDM2M2JjN2M0YzAiOnsiY3JlYXRlIjo2MDAwMDAwMDAwMDAsImRlbGV0ZSI6OTAwMDAwMDAwMDAwfSwic2NoZW1hX3ZlcnNpb24iOiIxIn0=",
          "create_before_destroy": true
        }
      ]
    },
    {
      "mode": "managed",
      "type": "local_file",
      "name": "main_key",
      "provider": "provider[\"registry.terraform.io/hashicorp/local\"]",
      "instances": [
        {
          "schema_version": 0,
          "attributes": {
            "content": "-----BEGIN RSA PRIVATE KEY-----\nMIIJKQIBAAKCAgEAy4Cb2ND2CxrWsDF77LRiklYGolqkqpnNe740mWWX2wJIhaQA\nMycTKYw+Rp2Yy7/AmjpIw2CZqaTe4DfibkbmKm9DYf93A1Frq/ijzrgPDFYTQUc1\nqRP+7InztGKvCd1gnoNCJZJ4lXTzWBfCkNon+DUnPwUbVt4nrmmJocQYBT9NpfAe\n1mwso+jeLV+cwxdlJ/vU1IyQMqXJ70Z3LlVU6PQfRSqr/A3J5JzF6q/mX0rnSNwl\n7kR4NT1u7TKDdNxaJQIUdtPbxbTx6n0HHbjAPtZh0wIO2kiFut48TdhE1W29TGd0\nRt0DuF8jjOYDPHzK/ke2eNSImSIlV9c2fxa2linyvTBs5RAaQhiidNM8Rfq2R2XH\nzAdMbEzthq6L1D+VhqHX5gYVpww04Zkp8AEJ0F0w1eFf0N2mHLBXyB/cKCuIhV3d\nsS+gACbBVDll8uXioRE4NY7ppwbF55koFM1lB4H1nYYxpr1RlA3+rknltYunsLy0\nnpM0xBQnUhq3k2dhVSW+CjgI5eoEVOXik2Y4h5UU83H6kHyUtFiPNXpSCE8SnkTZ\nJhXX18Fy5VBt3E14wBGrjITeyWcdzXgPCeDbHI7TJFmm4gzST+l8/nyJxefSaY8b\nLnBOaetCsKFh2RlskNBjrIYcfAI4TZD7dFyclPDc/YXj2TpmoiZr8/PW3qcCAwEA\nAQKCAgBRCDUGcK6IXXd/UTT3XBykCH07yLwo8nVQAL0RF9MP8ijOji9GLxkCQkXJ\n+JcPCpu2zd6LbbvCQVQ+FAKlxrV/0C4Up5TMTW+CWs9fUQss7llcdO55FO09YvEX\nsvPgCbafZ8S/EUPSv27mdQ+UfknMG940yePJA0zptjyHnX2zGTHiEWs2FnzwB5nw\nl1HknTw6X5yvxgjlIf72uChc2r2kxRBuij9RbmwmDAcDHGevKjROXtr7tWfoSz4Q\nVTzjG5sJgXqElne8kgCCTqa2vwpN+y+YxgkEAjy93CBHHwbJtZjbA5bZYMhKchfF\n0xEW1No/xm5yTq7VyzLzd07L7E9nZd9Q1RkOQ0PMie+I0LG7G9QZhTyLtxBAsXeY\n7T7HcJSW6dHuiRdiRIDF88/aTnsh8TQQnhEO+RLzGMdhiqcwVM9bT2ZMjCFNUTOl\nweSlrj0yKXRQTVQ9iKJv4oTVRYqoif/Cm+Z4XR+TOjcBhxR5ORlXGCtkQe2qSMnK\nmaqOWV7Tc64HuNlOPuYPn2yDbkLUGZRJRbBjN29IZwGM1EcqDpFS8yVg/OmVGvjY\n7MJp+kvro4U6D9sa/iYNXmlfZQIyrc8sPqVa9eSRLKd11Nu9SV/JJZBzfec4lBs8\nNt9iWKZnRkn+Y8T7/jsAEzWP2HF/e+s43zrNS4wgeHPQy8SVgQKCAQEA8ULOvnuJ\nIcdOb9GFr2vVVVRbluMLejMSs7RjWOdWdA6Tqy/Lln904Gs7SMNNkHQSv1/iLx02\neRnOQe/qBbqWM7OvE8h/cLx5XD3xdrX/D0mid0HZ4Z+/MgQBtYO+OxexinSokzYb\nhh1jfvGi/3JmbUrp93kEKqpUda7e33PfXuuCPcly54l0jjEtX3D6hVqAvaVdcply\nOY+i8hZ5y5y5AkXgFwZy+zyIDojuRS1H+YnJ91zDa6SJDcuzY824DUK6ZjHW5GGS\n+7JZ1C61t0XkcXaTAjskXQFYzC9YORU3paAwvhbFYrwqPIyLGG3ZUAvT/ETUZTV8\nN0D4DwcnnnYqpQKCAQEA1+9G7TcsQGSwqQL6H/GZerKLqGEN5YGmzjGos74HnHp5\nzoucmokOlOubcF0UGCnn39ZFS0dXRZu51USbiBLdgSxrQW8r6hLV37F2o9JAkBhI\nxxpc6p11SB9cqJRAftcB8rariPI9zLU024vonyY9P8T+yjsq1jx27ssiXR30WQIE\n845MiNYDuIuYe1ZqUBb6ynukz5GwKCfB6tjpTOI3YtHALPTgSR6qiI4bFum3DE1k\nc0uDW+Jnp6IJtiuuSo3y3/CgCjWEyyA0sqagtCQnanVlzSJYGaGaqcozB9ASYkpB\nz5SWU4ePvUiUB1SZf8KWwkMy6d3MjDyelqU3so7+WwKCAQEAptrKe2iarbbWo3Tn\nnSvZzfraoR8DWA8sdwZh0yGjY/6U2Ebk6X/ayD7BMJCJ+0ablKlul6D/hH95a5bO\nZgnmSXmSsv7uTHy8/jOE5NH3xY3qg8oSMv21UJT+zZeAoAPB8Py/fZhlLrryjd/2\nF+75scqmx1V1sUA9y2oWj7nmmRIN8Ed7ZXBmINUYCTLsv/+YnBBa8Z/4JKEXU5CB\nyXTpaw4CbkoyiVkSy+Kdz1ACwC0wdhg8uxx/AQCJX5PuH5Wvrm/3q9ljuxldEOcB\nG/CFjocwItHeU0hULlrsDAaFhtGkBENhXei+2UNmC44lRjv37zd3IUv9TYVsSZBs\nMSaOVQKCAQEAyLnDq9UizIUM9z8uNa2HZ1g7nH0Dxvl7jqb41ITsXFg5jHeZTsnj\nBSny50OO31ttEVUEOxMJHErDN228SoSG5YHd/giSwNdbesJjr6tNmuUIGhT2lJ1k\nHXQR1R9iyMWjKPUHhZjxO66igQeQaQjJ3NKJqoHPszCnuhiYTAkBUBAhfComGPkg\nolcZmmVdFDAYV0sSjGU4ZEt45o9WZ8LNi43BX8kOCMp56dB3fBgrsULsAoUKicpv\nYpOtBWuba/CB+gubKYJQe+XnNr7QGkSVY0/YHxUy4jioJfcw8q1HuZifjo/oIaOd\nSW4DNME+o1XGgLSoyl8EusPLA+x3VwO3iwKCAQAbXZHyJPFxhFW7tH9qR3vDyYOf\n4P/sedD667q1s7vZuvEZckX8OSXIYmHQnR+IFoULRXhDpCzXVrFXuo6N8MtGENe+\nVJdcIzo+fhNSdklyp1zP8TpMS3KTj/77FJ94V6V6VbP7mlvzkAvFiVicXYWWZ4IH\nBKknp5KDq/UZmgkrzFQiq/e3y4CfQNUFDvndrV9Br5YJFaGkUYL2P0RTRbVaZ9Y6\nbnFKG2j0nqNScVH8LT6FkBcgv1r8+LEMK/bmsltaWVxQ5V7Gn6qvBrEfwAv6S5SL\nJilvvuUgCv9cb2WHwEPSeKtcqlW5YyYWG09LbG8UTS8i9NCFGTM+RK+29ciP\n-----END RSA PRIVATE KEY-----\n",
            "content_base64": null,
            "content_base64sha256": "N+VHGjUpi8cjQ23QO+tfEnFuAIjbuJgDSRlgSf3WYFA=",
            "content_base64sha512": "WrLnLIRhB18dci5OO19XAns0xwh9UgH9v4hi3sA8mRB9b7c/kR4zDAHHjWxvodsJVPTrUbcL/Wz0ov+e1stLKw==",
            "content_md5": "5642568e4223a569ec591617b3c41f14",
            "content_sha1": "55731e2a972c268322346d83cacc0b8e998765ff",
            "content_sha256": "37e5471a35298bc723436dd03beb5f12716e0088dbb8980349196049fdd66050",
            "content_sha512": "5ab2e72c8461075f1d722e4e3b5f57027b34c7087d5201fdbf8862dec03c99107d6fb73f911e330c01c78d6c6fa1db0954f4eb51b70bfd6cf4a2ff9ed6cb4b2b",
            "directory_permission": "0777",
            "file_permission": "0777",
            "filename": "keykey",
            "id": "55731e2a972c268322346d83cacc0b8e998765ff",
            "sensitive_content": null,
            "source": null
          },
          "sensitive_attributes": [
            [
              {
                "type": "get_attr",
                "value": "content"
              }
            ],
            [
              {
                "type": "get_attr",
                "value": "sensitive_content"
              }
            ]
          ],
          "dependencies": [
            "tls_private_key.rsa"
          ]
        }
      ]
    },
    {
      "mode": "managed",
      "type": "tls_private_key",
      "name": "rsa",
      "provider": "provider[\"registry.terraform.io/hashicorp/tls\"]",
      "instances": [
        {
          "schema_version": 1,
          "attributes": {
            "algorithm": "RSA",
            "ecdsa_curve": "P224",
            "id": "d3d2d178ec11a25f110f0e4b0bbab990ffe274ce",
            "private_key_openssh": "-----BEGIN OPENSSH PRIVATE KEY-----\nb3BlbnNzaC1rZXktdjEAAAAABG5vbmUAAAAEbm9uZQAAAAAAAAABAAACFwAAAAdz\nc2gtcnNhAAAAAwEAAQAAAgEAy4Cb2ND2CxrWsDF77LRiklYGolqkqpnNe740mWWX\n2wJIhaQAMycTKYw+Rp2Yy7/AmjpIw2CZqaTe4DfibkbmKm9DYf93A1Frq/ijzrgP\nDFYTQUc1qRP+7InztGKvCd1gnoNCJZJ4lXTzWBfCkNon+DUnPwUbVt4nrmmJocQY\nBT9NpfAe1mwso+jeLV+cwxdlJ/vU1IyQMqXJ70Z3LlVU6PQfRSqr/A3J5JzF6q/m\nX0rnSNwl7kR4NT1u7TKDdNxaJQIUdtPbxbTx6n0HHbjAPtZh0wIO2kiFut48TdhE\n1W29TGd0Rt0DuF8jjOYDPHzK/ke2eNSImSIlV9c2fxa2linyvTBs5RAaQhiidNM8\nRfq2R2XHzAdMbEzthq6L1D+VhqHX5gYVpww04Zkp8AEJ0F0w1eFf0N2mHLBXyB/c\nKCuIhV3dsS+gACbBVDll8uXioRE4NY7ppwbF55koFM1lB4H1nYYxpr1RlA3+rknl\ntYunsLy0npM0xBQnUhq3k2dhVSW+CjgI5eoEVOXik2Y4h5UU83H6kHyUtFiPNXpS\nCE8SnkTZJhXX18Fy5VBt3E14wBGrjITeyWcdzXgPCeDbHI7TJFmm4gzST+l8/nyJ\nxefSaY8bLnBOaetCsKFh2RlskNBjrIYcfAI4TZD7dFyclPDc/YXj2TpmoiZr8/PW\n3qcAAAc4v12jHb9dox0AAAAHc3NoLXJzYQAAAgEAy4Cb2ND2CxrWsDF77LRiklYG\nolqkqpnNe740mWWX2wJIhaQAMycTKYw+Rp2Yy7/AmjpIw2CZqaTe4DfibkbmKm9D\nYf93A1Frq/ijzrgPDFYTQUc1qRP+7InztGKvCd1gnoNCJZJ4lXTzWBfCkNon+DUn\nPwUbVt4nrmmJocQYBT9NpfAe1mwso+jeLV+cwxdlJ/vU1IyQMqXJ70Z3LlVU6PQf\nRSqr/A3J5JzF6q/mX0rnSNwl7kR4NT1u7TKDdNxaJQIUdtPbxbTx6n0HHbjAPtZh\n0wIO2kiFut48TdhE1W29TGd0Rt0DuF8jjOYDPHzK/ke2eNSImSIlV9c2fxa2liny\nvTBs5RAaQhiidNM8Rfq2R2XHzAdMbEzthq6L1D+VhqHX5gYVpww04Zkp8AEJ0F0w\n1eFf0N2mHLBXyB/cKCuIhV3dsS+gACbBVDll8uXioRE4NY7ppwbF55koFM1lB4H1\nnYYxpr1RlA3+rknltYunsLy0npM0xBQnUhq3k2dhVSW+CjgI5eoEVOXik2Y4h5UU\n83H6kHyUtFiPNXpSCE8SnkTZJhXX18Fy5VBt3E14wBGrjITeyWcdzXgPCeDbHI7T\nJFmm4gzST+l8/nyJxefSaY8bLnBOaetCsKFh2RlskNBjrIYcfAI4TZD7dFyclPDc\n/YXj2TpmoiZr8/PW3qcAAAADAQABAAACAFEINQZwrohdd39RNPdcHKQIfTvIvCjy\ndVAAvREX0w/yKM6OL0YvGQJCRcn4lw8Km7bN3ottu8JBVD4UAqXGtX/QLhSnlMxN\nb4Jaz19RCyzuWVx07nkU7T1i8Rey8+AJtp9nxL8RQ9K/buZ1D5R+Scwb3jTJ48kD\nTOm2PIedfbMZMeIRazYWfPAHmfCXUeSdPDpfnK/GCOUh/va4KFzavaTFEG6KP1Fu\nbCYMBwMcZ68qNE5e2vu1Z+hLPhBVPOMbmwmBeoSWd7ySAIJOpra/Ck37L5jGCQQC\nPL3cIEcfBsm1mNsDltlgyEpyF8XTERbU2j/GbnJOrtXLMvN3TsvsT2dl31DVGQ5D\nQ8yJ74jQsbsb1BmFPIu3EECxd5jtPsdwlJbp0e6JF2JEgMXzz9pOeyHxNBCeEQ75\nEvMYx2GKpzBUz1tPZkyMIU1RM6XB5KWuPTIpdFBNVD2Iom/ihNVFiqiJ/8Kb5nhd\nH5M6NwGHFHk5GVcYK2RB7apIycqZqo5ZXtNzrge42U4+5g+fbINuQtQZlElFsGM3\nb0hnAYzURyoOkVLzJWD86ZUa+Njswmn6S+ujhToP2xr+Jg1eaV9lAjKtzyw+pVr1\n5JEsp3XU271JX8klkHN95ziUGzw232JYpmdGSf5jxPv+OwATNY/YcX976zjfOs1L\njCB4c9DLxJWBAAABABtdkfIk8XGEVbu0f2pHe8PJg5/g/+x50PrrurWzu9m68Rly\nRfw5JchiYdCdH4gWhQtFeEOkLNdWsVe6jo3wy0YQ175Ul1wjOj5+E1J2SXKnXM/x\nOkxLcpOP/vsUn3hXpXpVs/uaW/OQC8WJWJxdhZZnggcEqSenkoOr9RmaCSvMVCKr\n97fLgJ9A1QUO+d2tX0GvlgkVoaRRgvY/RFNFtVpn1jpucUobaPSeo1JxUfwtPoWQ\nFyC/Wvz4sQwr9uayW1pZXFDlXsafqq8GsR/AC/pLlIsmKW++5SAK/1xvZYfAQ9J4\nq1yqVbljJhYbT0tsbxRNLyL00IUZMz5Er7b1yI8AAAEBAPFCzr57iSHHTm/Rha9r\n1VVUW5bjC3ozErO0Y1jnVnQOk6svy5Z/dOBrO0jDTZB0Er9f4i8dNnkZzkHv6gW6\nljOzrxPIf3C8eVw98Xa1/w9JondB2eGfvzIEAbWDvjsXsYp0qJM2G4YdY37xov9y\nZm1K6fd5BCqqVHWu3t9z317rgj3JcueJdI4xLV9w+oVagL2lXXKZcjmPovIWecuc\nuQJF4BcGcvs8iA6I7kUtR/mJyfdcw2ukiQ3Ls2PNuA1CumYx1uRhkvuyWdQutbdF\n5HF2kwI7JF0BWMwvWDkVN6WgML4WxWK8KjyMixht2VAL0/xE1GU1fDdA+A8HJ552\nKqUAAAEBANfvRu03LEBksKkC+h/xmXqyi6hhDeWBps4xqLO+B5x6ec6LnJqJDpTr\nm3BdFBgp59/WRUtHV0WbudVEm4gS3YEsa0FvK+oS1d+xdqPSQJAYSMcaXOqddUgf\nXKiUQH7XAfK2q4jyPcy1NNuL6J8mPT/E/so7KtY8du7LIl0d9FkCBPOOTIjWA7iL\nmHtWalAW+sp7pM+RsCgnwerY6UziN2LRwCz04EkeqoiOGxbptwxNZHNLg1viZ6ei\nCbYrrkqN8t/woAo1hMsgNLKmoLQkJ2p1Zc0iWBmhmqnKMwfQEmJKQc+UllOHj71I\nlAdUmX/ClsJDMundzIw8npalN7KO/lsAAAAAAQID\n-----END OPENSSH PRIVATE KEY-----\n",
            "private_key_pem": "-----BEGIN RSA PRIVATE KEY-----\nMIIJKQIBAAKCAgEAy4Cb2ND2CxrWsDF77LRiklYGolqkqpnNe740mWWX2wJIhaQA\nMycTKYw+Rp2Yy7/AmjpIw2CZqaTe4DfibkbmKm9DYf93A1Frq/ijzrgPDFYTQUc1\nqRP+7InztGKvCd1gnoNCJZJ4lXTzWBfCkNon+DUnPwUbVt4nrmmJocQYBT9NpfAe\n1mwso+jeLV+cwxdlJ/vU1IyQMqXJ70Z3LlVU6PQfRSqr/A3J5JzF6q/mX0rnSNwl\n7kR4NT1u7TKDdNxaJQIUdtPbxbTx6n0HHbjAPtZh0wIO2kiFut48TdhE1W29TGd0\nRt0DuF8jjOYDPHzK/ke2eNSImSIlV9c2fxa2linyvTBs5RAaQhiidNM8Rfq2R2XH\nzAdMbEzthq6L1D+VhqHX5gYVpww04Zkp8AEJ0F0w1eFf0N2mHLBXyB/cKCuIhV3d\nsS+gACbBVDll8uXioRE4NY7ppwbF55koFM1lB4H1nYYxpr1RlA3+rknltYunsLy0\nnpM0xBQnUhq3k2dhVSW+CjgI5eoEVOXik2Y4h5UU83H6kHyUtFiPNXpSCE8SnkTZ\nJhXX18Fy5VBt3E14wBGrjITeyWcdzXgPCeDbHI7TJFmm4gzST+l8/nyJxefSaY8b\nLnBOaetCsKFh2RlskNBjrIYcfAI4TZD7dFyclPDc/YXj2TpmoiZr8/PW3qcCAwEA\nAQKCAgBRCDUGcK6IXXd/UTT3XBykCH07yLwo8nVQAL0RF9MP8ijOji9GLxkCQkXJ\n+JcPCpu2zd6LbbvCQVQ+FAKlxrV/0C4Up5TMTW+CWs9fUQss7llcdO55FO09YvEX\nsvPgCbafZ8S/EUPSv27mdQ+UfknMG940yePJA0zptjyHnX2zGTHiEWs2FnzwB5nw\nl1HknTw6X5yvxgjlIf72uChc2r2kxRBuij9RbmwmDAcDHGevKjROXtr7tWfoSz4Q\nVTzjG5sJgXqElne8kgCCTqa2vwpN+y+YxgkEAjy93CBHHwbJtZjbA5bZYMhKchfF\n0xEW1No/xm5yTq7VyzLzd07L7E9nZd9Q1RkOQ0PMie+I0LG7G9QZhTyLtxBAsXeY\n7T7HcJSW6dHuiRdiRIDF88/aTnsh8TQQnhEO+RLzGMdhiqcwVM9bT2ZMjCFNUTOl\nweSlrj0yKXRQTVQ9iKJv4oTVRYqoif/Cm+Z4XR+TOjcBhxR5ORlXGCtkQe2qSMnK\nmaqOWV7Tc64HuNlOPuYPn2yDbkLUGZRJRbBjN29IZwGM1EcqDpFS8yVg/OmVGvjY\n7MJp+kvro4U6D9sa/iYNXmlfZQIyrc8sPqVa9eSRLKd11Nu9SV/JJZBzfec4lBs8\nNt9iWKZnRkn+Y8T7/jsAEzWP2HF/e+s43zrNS4wgeHPQy8SVgQKCAQEA8ULOvnuJ\nIcdOb9GFr2vVVVRbluMLejMSs7RjWOdWdA6Tqy/Lln904Gs7SMNNkHQSv1/iLx02\neRnOQe/qBbqWM7OvE8h/cLx5XD3xdrX/D0mid0HZ4Z+/MgQBtYO+OxexinSokzYb\nhh1jfvGi/3JmbUrp93kEKqpUda7e33PfXuuCPcly54l0jjEtX3D6hVqAvaVdcply\nOY+i8hZ5y5y5AkXgFwZy+zyIDojuRS1H+YnJ91zDa6SJDcuzY824DUK6ZjHW5GGS\n+7JZ1C61t0XkcXaTAjskXQFYzC9YORU3paAwvhbFYrwqPIyLGG3ZUAvT/ETUZTV8\nN0D4DwcnnnYqpQKCAQEA1+9G7TcsQGSwqQL6H/GZerKLqGEN5YGmzjGos74HnHp5\nzoucmokOlOubcF0UGCnn39ZFS0dXRZu51USbiBLdgSxrQW8r6hLV37F2o9JAkBhI\nxxpc6p11SB9cqJRAftcB8rariPI9zLU024vonyY9P8T+yjsq1jx27ssiXR30WQIE\n845MiNYDuIuYe1ZqUBb6ynukz5GwKCfB6tjpTOI3YtHALPTgSR6qiI4bFum3DE1k\nc0uDW+Jnp6IJtiuuSo3y3/CgCjWEyyA0sqagtCQnanVlzSJYGaGaqcozB9ASYkpB\nz5SWU4ePvUiUB1SZf8KWwkMy6d3MjDyelqU3so7+WwKCAQEAptrKe2iarbbWo3Tn\nnSvZzfraoR8DWA8sdwZh0yGjY/6U2Ebk6X/ayD7BMJCJ+0ablKlul6D/hH95a5bO\nZgnmSXmSsv7uTHy8/jOE5NH3xY3qg8oSMv21UJT+zZeAoAPB8Py/fZhlLrryjd/2\nF+75scqmx1V1sUA9y2oWj7nmmRIN8Ed7ZXBmINUYCTLsv/+YnBBa8Z/4JKEXU5CB\nyXTpaw4CbkoyiVkSy+Kdz1ACwC0wdhg8uxx/AQCJX5PuH5Wvrm/3q9ljuxldEOcB\nG/CFjocwItHeU0hULlrsDAaFhtGkBENhXei+2UNmC44lRjv37zd3IUv9TYVsSZBs\nMSaOVQKCAQEAyLnDq9UizIUM9z8uNa2HZ1g7nH0Dxvl7jqb41ITsXFg5jHeZTsnj\nBSny50OO31ttEVUEOxMJHErDN228SoSG5YHd/giSwNdbesJjr6tNmuUIGhT2lJ1k\nHXQR1R9iyMWjKPUHhZjxO66igQeQaQjJ3NKJqoHPszCnuhiYTAkBUBAhfComGPkg\nolcZmmVdFDAYV0sSjGU4ZEt45o9WZ8LNi43BX8kOCMp56dB3fBgrsULsAoUKicpv\nYpOtBWuba/CB+gubKYJQe+XnNr7QGkSVY0/YHxUy4jioJfcw8q1HuZifjo/oIaOd\nSW4DNME+o1XGgLSoyl8EusPLA+x3VwO3iwKCAQAbXZHyJPFxhFW7tH9qR3vDyYOf\n4P/sedD667q1s7vZuvEZckX8OSXIYmHQnR+IFoULRXhDpCzXVrFXuo6N8MtGENe+\nVJdcIzo+fhNSdklyp1zP8TpMS3KTj/77FJ94V6V6VbP7mlvzkAvFiVicXYWWZ4IH\nBKknp5KDq/UZmgkrzFQiq/e3y4CfQNUFDvndrV9Br5YJFaGkUYL2P0RTRbVaZ9Y6\nbnFKG2j0nqNScVH8LT6FkBcgv1r8+LEMK/bmsltaWVxQ5V7Gn6qvBrEfwAv6S5SL\nJilvvuUgCv9cb2WHwEPSeKtcqlW5YyYWG09LbG8UTS8i9NCFGTM+RK+29ciP\n-----END RSA PRIVATE KEY-----\n",
            "private_key_pem_pkcs8": "-----BEGIN PRIVATE KEY-----\nMIIJQwIBADANBgkqhkiG9w0BAQEFAASCCS0wggkpAgEAAoICAQDLgJvY0PYLGtaw\nMXvstGKSVgaiWqSqmc17vjSZZZfbAkiFpAAzJxMpjD5GnZjLv8CaOkjDYJmppN7g\nN+JuRuYqb0Nh/3cDUWur+KPOuA8MVhNBRzWpE/7sifO0Yq8J3WCeg0IlkniVdPNY\nF8KQ2if4NSc/BRtW3ieuaYmhxBgFP02l8B7WbCyj6N4tX5zDF2Un+9TUjJAypcnv\nRncuVVTo9B9FKqv8DcnknMXqr+ZfSudI3CXuRHg1PW7tMoN03FolAhR209vFtPHq\nfQcduMA+1mHTAg7aSIW63jxN2ETVbb1MZ3RG3QO4XyOM5gM8fMr+R7Z41IiZIiVX\n1zZ/FraWKfK9MGzlEBpCGKJ00zxF+rZHZcfMB0xsTO2GrovUP5WGodfmBhWnDDTh\nmSnwAQnQXTDV4V/Q3aYcsFfIH9woK4iFXd2xL6AAJsFUOWXy5eKhETg1jumnBsXn\nmSgUzWUHgfWdhjGmvVGUDf6uSeW1i6ewvLSekzTEFCdSGreTZ2FVJb4KOAjl6gRU\n5eKTZjiHlRTzcfqQfJS0WI81elIITxKeRNkmFdfXwXLlUG3cTXjAEauMhN7JZx3N\neA8J4NscjtMkWabiDNJP6Xz+fInF59JpjxsucE5p60KwoWHZGWyQ0GOshhx8AjhN\nkPt0XJyU8Nz9hePZOmaiJmvz89bepwIDAQABAoICAFEINQZwrohdd39RNPdcHKQI\nfTvIvCjydVAAvREX0w/yKM6OL0YvGQJCRcn4lw8Km7bN3ottu8JBVD4UAqXGtX/Q\nLhSnlMxNb4Jaz19RCyzuWVx07nkU7T1i8Rey8+AJtp9nxL8RQ9K/buZ1D5R+Scwb\n3jTJ48kDTOm2PIedfbMZMeIRazYWfPAHmfCXUeSdPDpfnK/GCOUh/va4KFzavaTF\nEG6KP1FubCYMBwMcZ68qNE5e2vu1Z+hLPhBVPOMbmwmBeoSWd7ySAIJOpra/Ck37\nL5jGCQQCPL3cIEcfBsm1mNsDltlgyEpyF8XTERbU2j/GbnJOrtXLMvN3TsvsT2dl\n31DVGQ5DQ8yJ74jQsbsb1BmFPIu3EECxd5jtPsdwlJbp0e6JF2JEgMXzz9pOeyHx\nNBCeEQ75EvMYx2GKpzBUz1tPZkyMIU1RM6XB5KWuPTIpdFBNVD2Iom/ihNVFiqiJ\n/8Kb5nhdH5M6NwGHFHk5GVcYK2RB7apIycqZqo5ZXtNzrge42U4+5g+fbINuQtQZ\nlElFsGM3b0hnAYzURyoOkVLzJWD86ZUa+Njswmn6S+ujhToP2xr+Jg1eaV9lAjKt\nzyw+pVr15JEsp3XU271JX8klkHN95ziUGzw232JYpmdGSf5jxPv+OwATNY/YcX97\n6zjfOs1LjCB4c9DLxJWBAoIBAQDxQs6+e4khx05v0YWva9VVVFuW4wt6MxKztGNY\n51Z0DpOrL8uWf3TgaztIw02QdBK/X+IvHTZ5Gc5B7+oFupYzs68TyH9wvHlcPfF2\ntf8PSaJ3Qdnhn78yBAG1g747F7GKdKiTNhuGHWN+8aL/cmZtSun3eQQqqlR1rt7f\nc99e64I9yXLniXSOMS1fcPqFWoC9pV1ymXI5j6LyFnnLnLkCReAXBnL7PIgOiO5F\nLUf5icn3XMNrpIkNy7NjzbgNQrpmMdbkYZL7slnULrW3ReRxdpMCOyRdAVjML1g5\nFTeloDC+FsVivCo8jIsYbdlQC9P8RNRlNXw3QPgPByeediqlAoIBAQDX70btNyxA\nZLCpAvof8Zl6souoYQ3lgabOMaizvgecennOi5yaiQ6U65twXRQYKeff1kVLR1dF\nm7nVRJuIEt2BLGtBbyvqEtXfsXaj0kCQGEjHGlzqnXVIH1yolEB+1wHytquI8j3M\ntTTbi+ifJj0/xP7KOyrWPHbuyyJdHfRZAgTzjkyI1gO4i5h7VmpQFvrKe6TPkbAo\nJ8Hq2OlM4jdi0cAs9OBJHqqIjhsW6bcMTWRzS4Nb4menogm2K65KjfLf8KAKNYTL\nIDSypqC0JCdqdWXNIlgZoZqpyjMH0BJiSkHPlJZTh4+9SJQHVJl/wpbCQzLp3cyM\nPJ6WpTeyjv5bAoIBAQCm2sp7aJqtttajdOedK9nN+tqhHwNYDyx3BmHTIaNj/pTY\nRuTpf9rIPsEwkIn7RpuUqW6XoP+Ef3lrls5mCeZJeZKy/u5MfLz+M4Tk0ffFjeqD\nyhIy/bVQlP7Nl4CgA8Hw/L99mGUuuvKN3/YX7vmxyqbHVXWxQD3LahaPueaZEg3w\nR3tlcGYg1RgJMuy//5icEFrxn/gkoRdTkIHJdOlrDgJuSjKJWRLL4p3PUALALTB2\nGDy7HH8BAIlfk+4fla+ub/er2WO7GV0Q5wEb8IWOhzAi0d5TSFQuWuwMBoWG0aQE\nQ2Fd6L7ZQ2YLjiVGO/fvN3chS/1NhWxJkGwxJo5VAoIBAQDIucOr1SLMhQz3Py41\nrYdnWDucfQPG+XuOpvjUhOxcWDmMd5lOyeMFKfLnQ47fW20RVQQ7EwkcSsM3bbxK\nhIblgd3+CJLA11t6wmOvq02a5QgaFPaUnWQddBHVH2LIxaMo9QeFmPE7rqKBB5Bp\nCMnc0omqgc+zMKe6GJhMCQFQECF8KiYY+SCiVxmaZV0UMBhXSxKMZThkS3jmj1Zn\nws2LjcFfyQ4Iynnp0Hd8GCuxQuwChQqJym9ik60Fa5tr8IH6C5spglB75ec2vtAa\nRJVjT9gfFTLiOKgl9zDyrUe5mJ+Oj+gho51JbgM0wT6jVcaAtKjKXwS6w8sD7HdX\nA7eLAoIBABtdkfIk8XGEVbu0f2pHe8PJg5/g/+x50PrrurWzu9m68RlyRfw5Jchi\nYdCdH4gWhQtFeEOkLNdWsVe6jo3wy0YQ175Ul1wjOj5+E1J2SXKnXM/xOkxLcpOP\n/vsUn3hXpXpVs/uaW/OQC8WJWJxdhZZnggcEqSenkoOr9RmaCSvMVCKr97fLgJ9A\n1QUO+d2tX0GvlgkVoaRRgvY/RFNFtVpn1jpucUobaPSeo1JxUfwtPoWQFyC/Wvz4\nsQwr9uayW1pZXFDlXsafqq8GsR/AC/pLlIsmKW++5SAK/1xvZYfAQ9J4q1yqVblj\nJhYbT0tsbxRNLyL00IUZMz5Er7b1yI8=\n-----END PRIVATE KEY-----\n",
            "public_key_fingerprint_md5": "0f:8d:80:78:21:74:c1:04:34:e5:7c:fb:a4:8a:13:bd",
            "public_key_fingerprint_sha256": "SHA256:aBwNpbGUgbA98q2KBLVU7WnIGvTvk1iUf0qDPP84Rc0",
            "public_key_openssh": "ssh-rsa AAAAB3NzaC1yc2EAAAADAQABAAACAQDLgJvY0PYLGtawMXvstGKSVgaiWqSqmc17vjSZZZfbAkiFpAAzJxMpjD5GnZjLv8CaOkjDYJmppN7gN+JuRuYqb0Nh/3cDUWur+KPOuA8MVhNBRzWpE/7sifO0Yq8J3WCeg0IlkniVdPNYF8KQ2if4NSc/BRtW3ieuaYmhxBgFP02l8B7WbCyj6N4tX5zDF2Un+9TUjJAypcnvRncuVVTo9B9FKqv8DcnknMXqr+ZfSudI3CXuRHg1PW7tMoN03FolAhR209vFtPHqfQcduMA+1mHTAg7aSIW63jxN2ETVbb1MZ3RG3QO4XyOM5gM8fMr+R7Z41IiZIiVX1zZ/FraWKfK9MGzlEBpCGKJ00zxF+rZHZcfMB0xsTO2GrovUP5WGodfmBhWnDDThmSnwAQnQXTDV4V/Q3aYcsFfIH9woK4iFXd2xL6AAJsFUOWXy5eKhETg1jumnBsXnmSgUzWUHgfWdhjGmvVGUDf6uSeW1i6ewvLSekzTEFCdSGreTZ2FVJb4KOAjl6gRU5eKTZjiHlRTzcfqQfJS0WI81elIITxKeRNkmFdfXwXLlUG3cTXjAEauMhN7JZx3NeA8J4NscjtMkWabiDNJP6Xz+fInF59JpjxsucE5p60KwoWHZGWyQ0GOshhx8AjhNkPt0XJyU8Nz9hePZOmaiJmvz89bepw==\n",
            "public_key_pem": "-----BEGIN PUBLIC KEY-----\nMIICIjANBgkqhkiG9w0BAQEFAAOCAg8AMIICCgKCAgEAy4Cb2ND2CxrWsDF77LRi\nklYGolqkqpnNe740mWWX2wJIhaQAMycTKYw+Rp2Yy7/AmjpIw2CZqaTe4Dfibkbm\nKm9DYf93A1Frq/ijzrgPDFYTQUc1qRP+7InztGKvCd1gnoNCJZJ4lXTzWBfCkNon\n+DUnPwUbVt4nrmmJocQYBT9NpfAe1mwso+jeLV+cwxdlJ/vU1IyQMqXJ70Z3LlVU\n6PQfRSqr/A3J5JzF6q/mX0rnSNwl7kR4NT1u7TKDdNxaJQIUdtPbxbTx6n0HHbjA\nPtZh0wIO2kiFut48TdhE1W29TGd0Rt0DuF8jjOYDPHzK/ke2eNSImSIlV9c2fxa2\nlinyvTBs5RAaQhiidNM8Rfq2R2XHzAdMbEzthq6L1D+VhqHX5gYVpww04Zkp8AEJ\n0F0w1eFf0N2mHLBXyB/cKCuIhV3dsS+gACbBVDll8uXioRE4NY7ppwbF55koFM1l\nB4H1nYYxpr1RlA3+rknltYunsLy0npM0xBQnUhq3k2dhVSW+CjgI5eoEVOXik2Y4\nh5UU83H6kHyUtFiPNXpSCE8SnkTZJhXX18Fy5VBt3E14wBGrjITeyWcdzXgPCeDb\nHI7TJFmm4gzST+l8/nyJxefSaY8bLnBOaetCsKFh2RlskNBjrIYcfAI4TZD7dFyc\nlPDc/YXj2TpmoiZr8/PW3qcCAwEAAQ==\n-----END PUBLIC KEY-----\n",
            "rsa_bits": 4096
          },
          "sensitive_attributes": [
            [
              {
                "type": "get_attr",
                "value": "private_key_openssh"
              }
            ],
            [
              {
                "type": "get_attr",
                "value": "private_key_pem"
              }
            ],
            [
              {
                "type": "get_attr",
                "value": "private_key_pem_pkcs8"
              }
            ]
          ]
        }
      ]
    }
  ],
  "check_results": null
}

